// !$*UTF8*$!
{
	archiveVersion = 1;
	classes = {
	};
	objectVersion = 46;
	objects = {

/* Begin PBXBuildFile section */
		BA1A49F31C13B9CD00DD37A3 /* AppDelegate.swift in Sources */ = {isa = PBXBuildFile; fileRef = BA1A49F21C13B9CD00DD37A3 /* AppDelegate.swift */; };
		BA1A49F51C13B9CD00DD37A3 /* ViewController.swift in Sources */ = {isa = PBXBuildFile; fileRef = BA1A49F41C13B9CD00DD37A3 /* ViewController.swift */; };
		BA1A49F81C13B9CD00DD37A3 /* Main.storyboard in Resources */ = {isa = PBXBuildFile; fileRef = BA1A49F61C13B9CD00DD37A3 /* Main.storyboard */; };
		BA1A49FA1C13B9CD00DD37A3 /* Assets.xcassets in Resources */ = {isa = PBXBuildFile; fileRef = BA1A49F91C13B9CD00DD37A3 /* Assets.xcassets */; };
		BA1A49FD1C13B9CD00DD37A3 /* LaunchScreen.storyboard in Resources */ = {isa = PBXBuildFile; fileRef = BA1A49FB1C13B9CD00DD37A3 /* LaunchScreen.storyboard */; };
		BA1A4A081C13B9CE00DD37A3 /* TareaVelocimetroTests.swift in Sources */ = {isa = PBXBuildFile; fileRef = BA1A4A071C13B9CE00DD37A3 /* TareaVelocimetroTests.swift */; };
		BA1A4A131C13B9CE00DD37A3 /* TareaVelocimetroUITests.swift in Sources */ = {isa = PBXBuildFile; fileRef = BA1A4A121C13B9CE00DD37A3 /* TareaVelocimetroUITests.swift */; };
/* End PBXBuildFile section */

/* Begin PBXContainerItemProxy section */
		BA1A4A041C13B9CE00DD37A3 /* PBXContainerItemProxy */ = {
			isa = PBXContainerItemProxy;
			containerPortal = BA1A49E71C13B9CC00DD37A3 /* Project object */;
			proxyType = 1;
			remoteGlobalIDString = BA1A49EE1C13B9CC00DD37A3;
			remoteInfo = TareaVelocimetro;
		};
		BA1A4A0F1C13B9CE00DD37A3 /* PBXContainerItemProxy */ = {
			isa = PBXContainerItemProxy;
			containerPortal = BA1A49E71C13B9CC00DD37A3 /* Project object */;
			proxyType = 1;
			remoteGlobalIDString = BA1A49EE1C13B9CC00DD37A3;
			remoteInfo = TareaVelocimetro;
		};
/* End PBXContainerItemProxy section */

/* Begin PBXFileReference section */
		BA1A49EF1C13B9CD00DD37A3 /* TareaVelocimetro.app */ = {isa = PBXFileReference; explicitFileType = wrapper.application; includeInIndex = 0; path = TareaVelocimetro.app; sourceTree = BUILT_PRODUCTS_DIR; };
		BA1A49F21C13B9CD00DD37A3 /* AppDelegate.swift */ = {isa = PBXFileReference; lastKnownFileType = sourcecode.swift; path = AppDelegate.swift; sourceTree = "<group>"; };
		BA1A49F41C13B9CD00DD37A3 /* ViewController.swift */ = {isa = PBXFileReference; lastKnownFileType = sourcecode.swift; path = ViewController.swift; sourceTree = "<group>"; };
		BA1A49F71C13B9CD00DD37A3 /* Base */ = {isa = PBXFileReference; lastKnownFileType = file.storyboard; name = Base; path = Base.lproj/Main.storyboard; sourceTree = "<group>"; };
		BA1A49F91C13B9CD00DD37A3 /* Assets.xcassets */ = {isa = PBXFileReference; lastKnownFileType = folder.assetcatalog; path = Assets.xcassets; sourceTree = "<group>"; };
		BA1A49FC1C13B9CD00DD37A3 /* Base */ = {isa = PBXFileReference; lastKnownFileType = file.storyboard; name = Base; path = Base.lproj/LaunchScreen.storyboard; sourceTree = "<group>"; };
		BA1A49FE1C13B9CD00DD37A3 /* Info.plist */ = {isa = PBXFileReference; lastKnownFileType = text.plist.xml; path = Info.plist; sourceTree = "<group>"; };
		BA1A4A031C13B9CE00DD37A3 /* TareaVelocimetroTests.xctest */ = {isa = PBXFileReference; explicitFileType = wrapper.cfbundle; includeInIndex = 0; path = TareaVelocimetroTests.xctest; sourceTree = BUILT_PRODUCTS_DIR; };
		BA1A4A071C13B9CE00DD37A3 /* TareaVelocimetroTests.swift */ = {isa = PBXFileReference; lastKnownFileType = sourcecode.swift; path = TareaVelocimetroTests.swift; sourceTree = "<group>"; };
		BA1A4A091C13B9CE00DD37A3 /* Info.plist */ = {isa = PBXFileReference; lastKnownFileType = text.plist.xml; path = Info.plist; sourceTree = "<group>"; };
		BA1A4A0E1C13B9CE00DD37A3 /* TareaVelocimetroUITests.xctest */ = {isa = PBXFileReference; explicitFileType = wrapper.cfbundle; includeInIndex = 0; path = TareaVelocimetroUITests.xctest; sourceTree = BUILT_PRODUCTS_DIR; };
		BA1A4A121C13B9CE00DD37A3 /* TareaVelocimetroUITests.swift */ = {isa = PBXFileReference; lastKnownFileType = sourcecode.swift; path = TareaVelocimetroUITests.swift; sourceTree = "<group>"; };
		BA1A4A141C13B9CE00DD37A3 /* Info.plist */ = {isa = PBXFileReference; lastKnownFileType = text.plist.xml; path = Info.plist; sourceTree = "<group>"; };
/* End PBXFileReference section */

/* Begin PBXFrameworksBuildPhase section */
		BA1A49EC1C13B9CC00DD37A3 /* Frameworks */ = {
			isa = PBXFrameworksBuildPhase;
			buildActionMask = 2147483647;
			files = (
			);
			runOnlyForDeploymentPostprocessing = 0;
		};
		BA1A4A001C13B9CE00DD37A3 /* Frameworks */ = {
			isa = PBXFrameworksBuildPhase;
			buildActionMask = 2147483647;
			files = (
			);
			runOnlyForDeploymentPostprocessing = 0;
		};
		BA1A4A0B1C13B9CE00DD37A3 /* Frameworks */ = {
			isa = PBXFrameworksBuildPhase;
			buildActionMask = 2147483647;
			files = (
			);
			runOnlyForDeploymentPostprocessing = 0;
		};
/* End PBXFrameworksBuildPhase section */

/* Begin PBXGroup section */
		BA1A49E61C13B9CC00DD37A3 = {
			isa = PBXGroup;
			children = (
				BA1A49F11C13B9CD00DD37A3 /* TareaVelocimetro */,
				BA1A4A061C13B9CE00DD37A3 /* TareaVelocimetroTests */,
				BA1A4A111C13B9CE00DD37A3 /* TareaVelocimetroUITests */,
				BA1A49F01C13B9CD00DD37A3 /* Products */,
			);
			sourceTree = "<group>";
		};
		BA1A49F01C13B9CD00DD37A3 /* Products */ = {
			isa = PBXGroup;
			children = (
				BA1A49EF1C13B9CD00DD37A3 /* TareaVelocimetro.app */,
				BA1A4A031C13B9CE00DD37A3 /* TareaVelocimetroTests.xctest */,
				BA1A4A0E1C13B9CE00DD37A3 /* TareaVelocimetroUITests.xctest */,
			);
			name = Products;
			sourceTree = "<group>";
		};
		BA1A49F11C13B9CD00DD37A3 /* TareaVelocimetro */ = {
			isa = PBXGroup;
			children = (
				BA1A49F21C13B9CD00DD37A3 /* AppDelegate.swift */,
				BA1A49F41C13B9CD00DD37A3 /* ViewController.swift */,
				BA1A49F61C13B9CD00DD37A3 /* Main.storyboard */,
				BA1A49F91C13B9CD00DD37A3 /* Assets.xcassets */,
				BA1A49FB1C13B9CD00DD37A3 /* LaunchScreen.storyboard */,
				BA1A49FE1C13B9CD00DD37A3 /* Info.plist */,
			);
			path = TareaVelocimetro;
			sourceTree = "<group>";
		};
		BA1A4A061C13B9CE00DD37A3 /* TareaVelocimetroTests */ = {
			isa = PBXGroup;
			children = (
				BA1A4A071C13B9CE00DD37A3 /* TareaVelocimetroTests.swift */,
				BA1A4A091C13B9CE00DD37A3 /* Info.plist */,
			);
			path = TareaVelocimetroTests;
			sourceTree = "<group>";
		};
		BA1A4A111C13B9CE00DD37A3 /* TareaVelocimetroUITests */ = {
			isa = PBXGroup;
			children = (
				BA1A4A121C13B9CE00DD37A3 /* TareaVelocimetroUITests.swift */,
				BA1A4A141C13B9CE00DD37A3 /* Info.plist */,
			);
			path = TareaVelocimetroUITests;
			sourceTree = "<group>";
		};
/* End PBXGroup section */

/* Begin PBXNativeTarget section */
		BA1A49EE1C13B9CC00DD37A3 /* TareaVelocimetro */ = {
			isa = PBXNativeTarget;
			buildConfigurationList = BA1A4A171C13B9CE00DD37A3 /* Build configuration list for PBXNativeTarget "TareaVelocimetro" */;
			buildPhases = (
				BA1A49EB1C13B9CC00DD37A3 /* Sources */,
				BA1A49EC1C13B9CC00DD37A3 /* Frameworks */,
				BA1A49ED1C13B9CC00DD37A3 /* Resources */,
			);
			buildRules = (
			);
			dependencies = (
			);
			name = TareaVelocimetro;
			productName = TareaVelocimetro;
			productReference = BA1A49EF1C13B9CD00DD37A3 /* TareaVelocimetro.app */;
			productType = "com.apple.product-type.application";
		};
		BA1A4A021C13B9CE00DD37A3 /* TareaVelocimetroTests */ = {
			isa = PBXNativeTarget;
			buildConfigurationList = BA1A4A1A1C13B9CE00DD37A3 /* Build configuration list for PBXNativeTarget "TareaVelocimetroTests" */;
			buildPhases = (
				BA1A49FF1C13B9CE00DD37A3 /* Sources */,
				BA1A4A001C13B9CE00DD37A3 /* Frameworks */,
				BA1A4A011C13B9CE00DD37A3 /* Resources */,
			);
			buildRules = (
			);
			dependencies = (
				BA1A4A051C13B9CE00DD37A3 /* PBXTargetDependency */,
			);
			name = TareaVelocimetroTests;
			productName = TareaVelocimetroTests;
			productReference = BA1A4A031C13B9CE00DD37A3 /* TareaVelocimetroTests.xctest */;
			productType = "com.apple.product-type.bundle.unit-test";
		};
		BA1A4A0D1C13B9CE00DD37A3 /* TareaVelocimetroUITests */ = {
			isa = PBXNativeTarget;
			buildConfigurationList = BA1A4A1D1C13B9CE00DD37A3 /* Build configuration list for PBXNativeTarget "TareaVelocimetroUITests" */;
			buildPhases = (
				BA1A4A0A1C13B9CE00DD37A3 /* Sources */,
				BA1A4A0B1C13B9CE00DD37A3 /* Frameworks */,
				BA1A4A0C1C13B9CE00DD37A3 /* Resources */,
			);
			buildRules = (
			);
			dependencies = (
				BA1A4A101C13B9CE00DD37A3 /* PBXTargetDependency */,
			);
			name = TareaVelocimetroUITests;
			productName = TareaVelocimetroUITests;
			productReference = BA1A4A0E1C13B9CE00DD37A3 /* TareaVelocimetroUITests.xctest */;
			productType = "com.apple.product-type.bundle.ui-testing";
		};
/* End PBXNativeTarget section */

/* Begin PBXProject section */
		BA1A49E71C13B9CC00DD37A3 /* Project object */ = {
			isa = PBXProject;
			attributes = {
				LastSwiftUpdateCheck = 0720;
				LastUpgradeCheck = 0720;
				ORGANIZATIONNAME = Jenny;
				TargetAttributes = {
					BA1A49EE1C13B9CC00DD37A3 = {
						CreatedOnToolsVersion = 7.2;
					};
					BA1A4A021C13B9CE00DD37A3 = {
						CreatedOnToolsVersion = 7.2;
						TestTargetID = BA1A49EE1C13B9CC00DD37A3;
					};
					BA1A4A0D1C13B9CE00DD37A3 = {
						CreatedOnToolsVersion = 7.2;
						TestTargetID = BA1A49EE1C13B9CC00DD37A3;
					};
				};
			};
			buildConfigurationList = BA1A49EA1C13B9CC00DD37A3 /* Build configuration list for PBXProject "TareaVelocimetro" */;
			compatibilityVersion = "Xcode 3.2";
			developmentRegion = English;
			hasScannedForEncodings = 0;
			knownRegions = (
				en,
				Base,
			);
			mainGroup = BA1A49E61C13B9CC00DD37A3;
			productRefGroup = BA1A49F01C13B9CD00DD37A3 /* Products */;
			projectDirPath = "";
			projectRoot = "";
			targets = (
				BA1A49EE1C13B9CC00DD37A3 /* TareaVelocimetro */,
				BA1A4A021C13B9CE00DD37A3 /* TareaVelocimetroTests */,
				BA1A4A0D1C13B9CE00DD37A3 /* TareaVelocimetroUITests */,
			);
		};
/* End PBXProject section */

/* Begin PBXResourcesBuildPhase section */
		BA1A49ED1C13B9CC00DD37A3 /* Resources */ = {
			isa = PBXResourcesBuildPhase;
			buildActionMask = 2147483647;
			files = (
				BA1A49FD1C13B9CD00DD37A3 /* LaunchScreen.storyboard in Resources */,
				BA1A49FA1C13B9CD00DD37A3 /* Assets.xcassets in Resources */,
				BA1A49F81C13B9CD00DD37A3 /* Main.storyboard in Resources */,
			);
			runOnlyForDeploymentPostprocessing = 0;
		};
		BA1A4A011C13B9CE00DD37A3 /* Resources */ = {
			isa = PBXResourcesBuildPhase;
			buildActionMask = 2147483647;
			files = (
			);
			runOnlyForDeploymentPostprocessing = 0;
		};
		BA1A4A0C1C13B9CE00DD37A3 /* Resources */ = {
			isa = PBXResourcesBuildPhase;
			buildActionMask = 2147483647;
			files = (
			);
			runOnlyForDeploymentPostprocessing = 0;
		};
/* End PBXResourcesBuildPhase section */

/* Begin PBXSourcesBuildPhase section */
		BA1A49EB1C13B9CC00DD37A3 /* Sources */ = {
			isa = PBXSourcesBuildPhase;
			buildActionMask = 2147483647;
			files = (
				BA1A49F51C13B9CD00DD37A3 /* ViewController.swift in Sources */,
				BA1A49F31C13B9CD00DD37A3 /* AppDelegate.swift in Sources */,
			);
			runOnlyForDeploymentPostprocessing = 0;
		};
		BA1A49FF1C13B9CE00DD37A3 /* Sources */ = {
			isa = PBXSourcesBuildPhase;
			buildActionMask = 2147483647;
			files = (
				BA1A4A081C13B9CE00DD37A3 /* TareaVelocimetroTests.swift in Sources */,
			);
			runOnlyForDeploymentPostprocessing = 0;
		};
		BA1A4A0A1C13B9CE00DD37A3 /* Sources */ = {
			isa = PBXSourcesBuildPhase;
			buildActionMask = 2147483647;
			files = (
				BA1A4A131C13B9CE00DD37A3 /* TareaVelocimetroUITests.swift in Sources */,
			);
			runOnlyForDeploymentPostprocessing = 0;
		};
/* End PBXSourcesBuildPhase section */

/* Begin PBXTargetDependency section */
		BA1A4A051C13B9CE00DD37A3 /* PBXTargetDependency */ = {
			isa = PBXTargetDependency;
			target = BA1A49EE1C13B9CC00DD37A3 /* TareaVelocimetro */;
			targetProxy = BA1A4A041C13B9CE00DD37A3 /* PBXContainerItemProxy */;
		};
		BA1A4A101C13B9CE00DD37A3 /* PBXTargetDependency */ = {
			isa = PBXTargetDependency;
			target = BA1A49EE1C13B9CC00DD37A3 /* TareaVelocimetro */;
			targetProxy = BA1A4A0F1C13B9CE00DD37A3 /* PBXContainerItemProxy */;
		};
/* End PBXTargetDependency section */

/* Begin PBXVariantGroup section */
		BA1A49F61C13B9CD00DD37A3 /* Main.storyboard */ = {
			isa = PBXVariantGroup;
			children = (
				BA1A49F71C13B9CD00DD37A3 /* Base */,
			);
			name = Main.storyboard;
			sourceTree = "<group>";
		};
		BA1A49FB1C13B9CD00DD37A3 /* LaunchScreen.storyboard */ = {
			isa = PBXVariantGroup;
			children = (
				BA1A49FC1C13B9CD00DD37A3 /* Base */,
			);
			name = LaunchScreen.storyboard;
			sourceTree = "<group>";
		};
/* End PBXVariantGroup section */

/* Begin XCBuildConfiguration section */
		BA1A4A151C13B9CE00DD37A3 /* Debug */ = {
			isa = XCBuildConfiguration;
			buildSettings = {
				ALWAYS_SEARCH_USER_PATHS = NO;
				CLANG_CXX_LANGUAGE_STANDARD = "gnu++0x";
				CLANG_CXX_LIBRARY = "libc++";
				CLANG_ENABLE_MODULES = YES;
				CLANG_ENABLE_OBJC_ARC = YES;
				CLANG_WARN_BOOL_CONVERSION = YES;
				CLANG_WARN_CONSTANT_CONVERSION = YES;
				CLANG_WARN_DIRECT_OBJC_ISA_USAGE = YES_ERROR;
				CLANG_WARN_EMPTY_BODY = YES;
				CLANG_WARN_ENUM_CONVERSION = YES;
				CLANG_WARN_INT_CONVERSION = YES;
				CLANG_WARN_OBJC_ROOT_CLASS = YES_ERROR;
				CLANG_WARN_UNREACHABLE_CODE = YES;
				CLANG_WARN__DUPLICATE_METHOD_MATCH = YES;
				"CODE_SIGN_IDENTITY[sdk=iphoneos*]" = "iPhone Developer";
				COPY_PHASE_STRIP = NO;
				DEBUG_INFORMATION_FORMAT = dwarf;
				ENABLE_STRICT_OBJC_MSGSEND = YES;
				ENABLE_TESTABILITY = YES;
				GCC_C_LANGUAGE_STANDARD = gnu99;
				GCC_DYNAMIC_NO_PIC = NO;
				GCC_NO_COMMON_BLOCKS = YES;
				GCC_OPTIMIZATION_LEVEL = 0;
				GCC_PREPROCESSOR_DEFINITIONS = (
					"DEBUG=1",
					"$(inherited)",
				);
				GCC_WARN_64_TO_32_BIT_CONVERSION = YES;
				GCC_WARN_ABOUT_RETURN_TYPE = YES_ERROR;
				GCC_WARN_UNDECLARED_SELECTOR = YES;
				GCC_WARN_UNINITIALIZED_AUTOS = YES_AGGRESSIVE;
				GCC_WARN_UNUSED_FUNCTION = YES;
				GCC_WARN_UNUSED_VARIABLE = YES;
				IPHONEOS_DEPLOYMENT_TARGET = 9.2;
				MTL_ENABLE_DEBUG_INFO = YES;
				ONLY_ACTIVE_ARCH = YES;
				SDKROOT = iphoneos;
				SWIFT_OPTIMIZATION_LEVEL = "-Onone";
			};
			name = Debug;
		};
		BA1A4A161C13B9CE00DD37A3 /* Release */ = {
			isa = XCBuildConfiguration;
			buildSettings = {
				ALWAYS_SEARCH_USER_PATHS = NO;
				CLANG_CXX_LANGUAGE_STANDARD = "gnu++0x";
				CLANG_CXX_LIBRARY = "libc++";
				CLANG_ENABLE_MODULES = YES;
				CLANG_ENABLE_OBJC_ARC = YES;
				CLANG_WARN_BOOL_CONVERSION = YES;
				CLANG_WARN_CONSTANT_CONVERSION = YES;
				CLANG_WARN_DIRECT_OBJC_ISA_USAGE = YES_ERROR;
				CLANG_WARN_EMPTY_BODY = YES;
				CLANG_WARN_ENUM_CONVERSION = YES;
				CLANG_WARN_INT_CONVERSION = YES;
				CLANG_WARN_OBJC_ROOT_CLASS = YES_ERROR;
				CLANG_WARN_UNREACHABLE_CODE = YES;
				CLANG_WARN__DUPLICATE_METHOD_MATCH = YES;
				"CODE_SIGN_IDENTITY[sdk=iphoneos*]" = "iPhone Developer";
				COPY_PHASE_STRIP = NO;
				DEBUG_INFORMATION_FORMAT = "dwarf-with-dsym";
				ENABLE_NS_ASSERTIONS = NO;
				ENABLE_STRICT_OBJC_MSGSEND = YES;
				GCC_C_LANGUAGE_STANDARD = gnu99;
				GCC_NO_COMMON_BLOCKS = YES;
				GCC_WARN_64_TO_32_BIT_CONVERSION = YES;
				GCC_WARN_ABOUT_RETURN_TYPE = YES_ERROR;
				GCC_WARN_UNDECLARED_SELECTOR = YES;
				GCC_WARN_UNINITIALIZED_AUTOS = YES_AGGRESSIVE;
				GCC_WARN_UNUSED_FUNCTION = YES;
				GCC_WARN_UNUSED_VARIABLE = YES;
				IPHONEOS_DEPLOYMENT_TARGET = 9.2;
				MTL_ENABLE_DEBUG_INFO = NO;
				SDKROOT = iphoneos;
				VALIDATE_PRODUCT = YES;
			};
			name = Release;
		};
		BA1A4A181C13B9CE00DD37A3 /* Debug */ = {
			isa = XCBuildConfiguration;
			buildSettings = {
				ASSETCATALOG_COMPILER_APPICON_NAME = AppIcon;
				INFOPLIST_FILE = TareaVelocimetro/Info.plist;
				LD_RUNPATH_SEARCH_PATHS = "$(inherited) @executable_path/Frameworks";
				PRODUCT_BUNDLE_IDENTIFIER = casa.TareaVelocimetro;
				PRODUCT_NAME = "$(TARGET_NAME)";
			};
			name = Debug;
		};
		BA1A4A191C13B9CE00DD37A3 /* Release */ = {
			isa = XCBuildConfiguration;
			buildSettings = {
				ASSETCATALOG_COMPILER_APPICON_NAME = AppIcon;
				INFOPLIST_FILE = TareaVelocimetro/Info.plist;
				LD_RUNPATH_SEARCH_PATHS = "$(inherited) @executable_path/Frameworks";
				PRODUCT_BUNDLE_IDENTIFIER = casa.TareaVelocimetro;
				PRODUCT_NAME = "$(TARGET_NAME)";
			};
			name = Release;
		};
		BA1A4A1B1C13B9CE00DD37A3 /* Debug */ = {
			isa = XCBuildConfiguration;
			buildSettings = {
				BUNDLE_LOADER = "$(TEST_HOST)";
				INFOPLIST_FILE = TareaVelocimetroTests/Info.plist;
				LD_RUNPATH_SEARCH_PATHS = "$(inherited) @executable_path/Frameworks @loader_path/Frameworks";
				PRODUCT_BUNDLE_IDENTIFIER = casa.TareaVelocimetroTests;
				PRODUCT_NAME = "$(TARGET_NAME)";
				TEST_HOST = "$(BUILT_PRODUCTS_DIR)/TareaVelocimetro.app/TareaVelocimetro";
			};
			name = Debug;
		};
		BA1A4A1C1C13B9CE00DD37A3 /* Release */ = {
			isa = XCBuildConfiguration;
			buildSettings = {
				BUNDLE_LOADER = "$(TEST_HOST)";
				INFOPLIST_FILE = TareaVelocimetroTests/Info.plist;
				LD_RUNPATH_SEARCH_PATHS = "$(inherited) @executable_path/Frameworks @loader_path/Frameworks";
				PRODUCT_BUNDLE_IDENTIFIER = casa.TareaVelocimetroTests;
				PRODUCT_NAME = "$(TARGET_NAME)";
				TEST_HOST = "$(BUILT_PRODUCTS_DIR)/TareaVelocimetro.app/TareaVelocimetro";
			};
			name = Release;
		};
		BA1A4A1E1C13B9CE00DD37A3 /* Debug */ = {
			isa = XCBuildConfiguration;
			buildSettings = {
				INFOPLIST_FILE = TareaVelocimetroUITests/Info.plist;
				LD_RUNPATH_SEARCH_PATHS = "$(inherited) @executable_path/Frameworks @loader_path/Frameworks";
				PRODUCT_BUNDLE_IDENTIFIER = casa.TareaVelocimetroUITests;
				PRODUCT_NAME = "$(TARGET_NAME)";
				TEST_TARGET_NAME = TareaVelocimetro;
				USES_XCTRUNNER = YES;
			};
			name = Debug;
		};
		BA1A4A1F1C13B9CE00DD37A3 /* Release */ = {
			isa = XCBuildConfiguration;
			buildSettings = {
				INFOPLIST_FILE = TareaVelocimetroUITests/Info.plist;
				LD_RUNPATH_SEARCH_PATHS = "$(inherited) @executable_path/Frameworks @loader_path/Frameworks";
				PRODUCT_BUNDLE_IDENTIFIER = casa.TareaVelocimetroUITests;
				PRODUCT_NAME = "$(TARGET_NAME)";
				TEST_TARGET_NAME = TareaVelocimetro;
				USES_XCTRUNNER = YES;
			};
			name = Release;
		};
/* End XCBuildConfiguration section */

/* Begin XCConfigurationList section */
		BA1A49EA1C13B9CC00DD37A3 /* Build configuration list for PBXProject "TareaVelocimetro" */ = {
			isa = XCConfigurationList;
			buildConfigurations = (
				BA1A4A151C13B9CE00DD37A3 /* Debug */,
				BA1A4A161C13B9CE00DD37A3 /* Release */,
			);
			defaultConfigurationIsVisible = 0;
			defaultConfigurationName = Release;
		};
		BA1A4A171C13B9CE00DD37A3 /* Build configuration list for PBXNativeTarget "TareaVelocimetro" */ = {
			isa = XCConfigurationList;
			buildConfigurations = (
				BA1A4A181C13B9CE00DD37A3 /* Debug */,
				BA1A4A191C13B9CE00DD37A3 /* Release */,
			);
			defaultConfigurationIsVisible = 0;
		};
		BA1A4A1A1C13B9CE00DD37A3 /* Build configuration list for PBXNativeTarget "TareaVelocimetroTests" */ = {
			isa = XCConfigurationList;
			buildConfigurations = (
				BA1A4A1B1C13B9CE00DD37A3 /* Debug */,
				BA1A4A1C1C13B9CE00DD37A3 /* Release */,
			);
			defaultConfigurationIsVisible = 0;
		};
		BA1A4A1D1C13B9CE00DD37A3 /* Build configuration list for PBXNativeTarget "TareaVelocimetroUITests" */ = {
			isa = XCConfigurationList;
			buildConfigurations = (
				BA1A4A1E1C13B9CE00DD37A3 /* Debug */,
				BA1A4A1F1C13B9CE00DD37A3 /* Release */,
			);
			defaultConfigurationIsVisible = 0;
		};
/* End XCConfigurationList section */
	};
	rootObject = BA1A49E71C13B9CC00DD37A3 /* Project object */;
}
